{
  "name": "slimplate-tpl-cf-react",
  "version": "0.0.0",
  "lockfileVersion": 2,
  "requires": true,
  "packages": {
    "": {
      "name": "slimplate-tpl-cf-react",
      "version": "0.0.0",
      "license": "MIT",
      "dependencies": {
        "@cloudflare/kv-asset-handler": "^0.2.0",
        "classnames": "^2.3.1",
        "react": "^17.0.2",
        "react-router-dom": "^6.2.2",
        "react-use-websocket": "^3.0.0",
        "regexparam": "^2.0.0",
        "url-matcher": "^0.2.2",
        "wouter": "^2.8.0-alpha.2"
      },
      "devDependencies": {
        "esbuild": "^0.14.28",
        "esbuild-plugin-import-glob": "^0.1.1"
      }
    },
    "node_modules/@babel/runtime": {
      "version": "7.17.8",
      "resolved": "https://registry.npmjs.org/@babel/runtime/-/runtime-7.17.8.tgz",
      "integrity": "sha512-dQpEpK0O9o6lj6oPu0gRDbbnk+4LeHlNcBpspf6Olzt3GIX4P1lWF1gS+pHLDFlaJvbR6q7jCfQ08zA4QJBnmA==",
      "dependencies": {
        "regenerator-runtime": "^0.13.4"
      },
      "engines": {
        "node": ">=6.9.0"
      }
    },
    "node_modules/@cloudflare/kv-asset-handler": {
      "version": "0.2.0",
      "resolved": "https://registry.npmjs.org/@cloudflare/kv-asset-handler/-/kv-asset-handler-0.2.0.tgz",
      "integrity": "sha512-MVbXLbTcAotOPUj0pAMhVtJ+3/kFkwJqc5qNOleOZTv6QkZZABDMS21dSrSlVswEHwrpWC03e4fWytjqKvuE2A==",
      "dependencies": {
        "mime": "^3.0.0"
      }
    },
    "node_modules/@nodelib/fs.scandir": {
      "version": "2.1.5",
      "resolved": "https://registry.npmjs.org/@nodelib/fs.scandir/-/fs.scandir-2.1.5.tgz",
      "integrity": "sha512-vq24Bq3ym5HEQm2NKCr3yXDwjc7vTsEThRDnkp2DK9p1uqLR+DHurm/NOTo0KG7HYHU7eppKZj3MyqYuMBf62g==",
      "dev": true,
      "dependencies": {
        "@nodelib/fs.stat": "2.0.5",
        "run-parallel": "^1.1.9"
      },
      "engines": {
        "node": ">= 8"
      }
    },
    "node_modules/@nodelib/fs.stat": {
      "version": "2.0.5",
      "resolved": "https://registry.npmjs.org/@nodelib/fs.stat/-/fs.stat-2.0.5.tgz",
      "integrity": "sha512-RkhPPp2zrqDAQA/2jNhnztcPAlv64XdhIp7a7454A5ovI7Bukxgt7MX7udwAu3zg1DcpPU0rz3VV1SeaqvY4+A==",
      "dev": true,
      "engines": {
        "node": ">= 8"
      }
    },
    "node_modules/@nodelib/fs.walk": {
      "version": "1.2.8",
      "resolved": "https://registry.npmjs.org/@nodelib/fs.walk/-/fs.walk-1.2.8.tgz",
      "integrity": "sha512-oGB+UxlgWcgQkgwo8GcEGwemoTFt3FIO9ababBmaGwXIoBKZ+GTy0pP185beGg7Llih/NSHSV2XAs1lnznocSg==",
      "dev": true,
      "dependencies": {
        "@nodelib/fs.scandir": "2.1.5",
        "fastq": "^1.6.0"
      },
      "engines": {
        "node": ">= 8"
      }
    },
    "node_modules/braces": {
      "version": "3.0.2",
      "resolved": "https://registry.npmjs.org/braces/-/braces-3.0.2.tgz",
      "integrity": "sha512-b8um+L1RzM3WDSzvhm6gIz1yfTbBt6YTlcEKAvsmqCZZFw46z626lVj9j1yEPW33H5H+lBQpZMP1k8l+78Ha0A==",
      "dev": true,
      "dependencies": {
        "fill-range": "^7.0.1"
      },
      "engines": {
        "node": ">=8"
      }
    },
    "node_modules/classnames": {
      "version": "2.3.1",
      "resolved": "https://registry.npmjs.org/classnames/-/classnames-2.3.1.tgz",
      "integrity": "sha512-OlQdbZ7gLfGarSqxesMesDa5uz7KFbID8Kpq/SxIoNGDqY8lSYs0D+hhtBXhcdB3rcbXArFr7vlHheLk1voeNA=="
    },
    "node_modules/esbuild": {
      "version": "0.14.28",
      "resolved": "https://registry.npmjs.org/esbuild/-/esbuild-0.14.28.tgz",
      "integrity": "sha512-YLNprkCcMVKQ5sekmCKEQ3Obu/L7s6+iij38xNKyBeSmSsTWur4Ky/9zB3XIGT8SCJITG/bZwAR2l7YOAXch4Q==",
      "dev": true,
      "hasInstallScript": true,
      "bin": {
        "esbuild": "bin/esbuild"
      },
      "engines": {
        "node": ">=12"
      },
      "optionalDependencies": {
        "esbuild-android-64": "0.14.28",
        "esbuild-android-arm64": "0.14.28",
        "esbuild-darwin-64": "0.14.28",
        "esbuild-darwin-arm64": "0.14.28",
        "esbuild-freebsd-64": "0.14.28",
        "esbuild-freebsd-arm64": "0.14.28",
        "esbuild-linux-32": "0.14.28",
        "esbuild-linux-64": "0.14.28",
        "esbuild-linux-arm": "0.14.28",
        "esbuild-linux-arm64": "0.14.28",
        "esbuild-linux-mips64le": "0.14.28",
        "esbuild-linux-ppc64le": "0.14.28",
        "esbuild-linux-riscv64": "0.14.28",
        "esbuild-linux-s390x": "0.14.28",
        "esbuild-netbsd-64": "0.14.28",
        "esbuild-openbsd-64": "0.14.28",
        "esbuild-sunos-64": "0.14.28",
        "esbuild-windows-32": "0.14.28",
        "esbuild-windows-64": "0.14.28",
        "esbuild-windows-arm64": "0.14.28"
      }
    },
    "node_modules/esbuild-android-64": {
      "version": "0.14.28",
      "resolved": "https://registry.npmjs.org/esbuild-android-64/-/esbuild-android-64-0.14.28.tgz",
      "integrity": "sha512-A52C3zq+9tNwCqZ+4kVLBxnk/WnrYM8P2+QNvNE9B6d2OVPs214lp3g6UyO+dKDhUdefhfPCuwkP8j2A/+szNA==",
      "cpu": [
        "x64"
      ],
      "dev": true,
      "optional": true,
      "os": [
        "android"
      ],
      "engines": {
        "node": ">=12"
      }
    },
    "node_modules/esbuild-android-arm64": {
      "version": "0.14.28",
      "resolved": "https://registry.npmjs.org/esbuild-android-arm64/-/esbuild-android-arm64-0.14.28.tgz",
      "integrity": "sha512-sm0fDEGElZhMC3HLZeECI2juE4aG7uPfMBMqNUhy9CeX399Pz8rC6e78OXMXInGjSdEAwQmCOHmfsP7uv3Q8rA==",
      "cpu": [
        "arm64"
      ],
      "dev": true,
      "optional": true,
      "os": [
        "android"
      ],
      "engines": {
        "node": ">=12"
      }
    },
    "node_modules/esbuild-darwin-64": {
      "version": "0.14.28",
      "resolved": "https://registry.npmjs.org/esbuild-darwin-64/-/esbuild-darwin-64-0.14.28.tgz",
      "integrity": "sha512-nzDd7mQ44FvsFHtOafZdBgn3Li5SMsnMnoz1J2MM37xJmR3wGNTFph88KypjHgWqwbxCI7MXS1U+sN4qDeeW6Q==",
      "cpu": [
        "x64"
      ],
      "dev": true,
      "optional": true,
      "os": [
        "darwin"
      ],
      "engines": {
        "node": ">=12"
      }
    },
    "node_modules/esbuild-darwin-arm64": {
      "version": "0.14.28",
      "resolved": "https://registry.npmjs.org/esbuild-darwin-arm64/-/esbuild-darwin-arm64-0.14.28.tgz",
      "integrity": "sha512-XEq/bLR/glsUl+uGrBimQzOVs/CmwI833fXUhP9xrLI3IJ+rKyrZ5IA8u+1crOEf1LoTn8tV+hInmX6rGjbScw==",
      "cpu": [
        "arm64"
      ],
      "dev": true,
      "optional": true,
      "os": [
        "darwin"
      ],
      "engines": {
        "node": ">=12"
      }
    },
    "node_modules/esbuild-freebsd-64": {
      "version": "0.14.28",
      "resolved": "https://registry.npmjs.org/esbuild-freebsd-64/-/esbuild-freebsd-64-0.14.28.tgz",
      "integrity": "sha512-rTKLgUj/HEcPeE5XZ7IZwWpFx7IWMfprN7QRk/TUJE1s1Ipb58esboIesUpjirJz/BwrgHq+FDG9ChAI8dZAtQ==",
      "cpu": [
        "x64"
      ],
      "dev": true,
      "optional": true,
      "os": [
        "freebsd"
      ],
      "engines": {
        "node": ">=12"
      }
    },
    "node_modules/esbuild-freebsd-arm64": {
      "version": "0.14.28",
      "resolved": "https://registry.npmjs.org/esbuild-freebsd-arm64/-/esbuild-freebsd-arm64-0.14.28.tgz",
      "integrity": "sha512-sBffxD1UMOsB7aWMoExmipycjcy3HJGwmqE4GQZUTZvdiH4GhjgUiVdtPyt7kSCdL40JqnWQJ4b1l8Y51oCF4Q==",
      "cpu": [
        "arm64"
      ],
      "dev": true,
      "optional": true,
      "os": [
        "freebsd"
      ],
      "engines": {
        "node": ">=12"
      }
    },
    "node_modules/esbuild-linux-32": {
      "version": "0.14.28",
      "resolved": "https://registry.npmjs.org/esbuild-linux-32/-/esbuild-linux-32-0.14.28.tgz",
      "integrity": "sha512-+Wxidh3fBEQ9kHcCsD4etlBTMb1n6QY2uXv3rFhVn88CY/JP782MhA57/ipLMY4kOLeSKEuFGN4rtjHuhmRMig==",
      "cpu": [
        "ia32"
      ],
      "dev": true,
      "optional": true,
      "os": [
        "linux"
      ],
      "engines": {
        "node": ">=12"
      }
    },
    "node_modules/esbuild-linux-64": {
      "version": "0.14.28",
      "resolved": "https://registry.npmjs.org/esbuild-linux-64/-/esbuild-linux-64-0.14.28.tgz",
      "integrity": "sha512-7+xgsC4LvR6cnzaBdiljNnPDjbkwzahogN+S9uy9AoYw7ZjPnnXc6sjQAVCbqGb7MEgrWdpa6u/Tao79i4lWxg==",
      "cpu": [
        "x64"
      ],
      "dev": true,
      "optional": true,
      "os": [
        "linux"
      ],
      "engines": {
        "node": ">=12"
      }
    },
    "node_modules/esbuild-linux-arm": {
      "version": "0.14.28",
      "resolved": "https://registry.npmjs.org/esbuild-linux-arm/-/esbuild-linux-arm-0.14.28.tgz",
      "integrity": "sha512-L5isjmlLbh9E0WVllXiVETbScgMbth/+XkXQii1WwgO1RvLIfaGrVFz8d2n6EH/ImtgYxPYGx+OcvIKQBc91Rg==",
      "cpu": [
        "arm"
      ],
      "dev": true,
      "optional": true,
      "os": [
        "linux"
      ],
      "engines": {
        "node": ">=12"
      }
    },
    "node_modules/esbuild-linux-arm64": {
      "version": "0.14.28",
      "resolved": "https://registry.npmjs.org/esbuild-linux-arm64/-/esbuild-linux-arm64-0.14.28.tgz",
      "integrity": "sha512-EjRHgwg+kgXABzyoPGPOPg4d5wZqRnZ/ZAxBDzLY+i6DS8OUfTSlZHWIOZzU4XF7125WxRBg9ULbrFJBl+57Eg==",
      "cpu": [
        "arm64"
      ],
      "dev": true,
      "optional": true,
      "os": [
        "linux"
      ],
      "engines": {
        "node": ">=12"
      }
    },
    "node_modules/esbuild-linux-mips64le": {
      "version": "0.14.28",
      "resolved": "https://registry.npmjs.org/esbuild-linux-mips64le/-/esbuild-linux-mips64le-0.14.28.tgz",
      "integrity": "sha512-krx9SSg7yfiUKk64EmjefOyiEF6nv2bRE4um/LiTaQ6Y/6FP4UF3/Ou/AxZVyR154uSRq63xejcAsmswXAYRsw==",
      "cpu": [
        "mips64el"
      ],
      "dev": true,
      "optional": true,
      "os": [
        "linux"
      ],
      "engines": {
        "node": ">=12"
      }
    },
    "node_modules/esbuild-linux-ppc64le": {
      "version": "0.14.28",
      "resolved": "https://registry.npmjs.org/esbuild-linux-ppc64le/-/esbuild-linux-ppc64le-0.14.28.tgz",
      "integrity": "sha512-LD0Xxu9g+DNuhsEBV5QuVZ4uKVBMup0xPIruLweuAf9/mHXFnaCuNXUBF5t0DxKl7GQ5MSioKtnb92oMo+QXEw==",
      "cpu": [
        "ppc64"
      ],
      "dev": true,
      "optional": true,
      "os": [
        "linux"
      ],
      "engines": {
        "node": ">=12"
      }
    },
    "node_modules/esbuild-linux-riscv64": {
      "version": "0.14.28",
      "resolved": "https://registry.npmjs.org/esbuild-linux-riscv64/-/esbuild-linux-riscv64-0.14.28.tgz",
      "integrity": "sha512-L/DWfRh2P0vxq4Y+qieSNXKGdMg+e9Qe8jkbN2/8XSGYDTPzO2OcAxSujob4qIh7iSl+cknbXV+BvH0YFR0jbg==",
      "cpu": [
        "riscv64"
      ],
      "dev": true,
      "optional": true,
      "os": [
        "linux"
      ],
      "engines": {
        "node": ">=12"
      }
    },
    "node_modules/esbuild-linux-s390x": {
      "version": "0.14.28",
      "resolved": "https://registry.npmjs.org/esbuild-linux-s390x/-/esbuild-linux-s390x-0.14.28.tgz",
      "integrity": "sha512-rrgxmsbmL8QQknWGnAL9bGJRQYLOi2AzXy5OTwfhxnj9eqjo5mSVbJXjgiq5LPUAMQZGdPH5yaNK0obAXS81Zw==",
      "cpu": [
        "s390x"
      ],
      "dev": true,
      "optional": true,
      "os": [
        "linux"
      ],
      "engines": {
        "node": ">=12"
      }
    },
    "node_modules/esbuild-netbsd-64": {
      "version": "0.14.28",
      "resolved": "https://registry.npmjs.org/esbuild-netbsd-64/-/esbuild-netbsd-64-0.14.28.tgz",
      "integrity": "sha512-h8wntIyOR8/xMVVM6TvJxxWKh4AjmLK87IPKpuVi8Pq0kyk0RMA+eo4PFGk5j2XK0D7dj8PcSF5NSlP9kN/j0A==",
      "cpu": [
        "x64"
      ],
      "dev": true,
      "optional": true,
      "os": [
        "netbsd"
      ],
      "engines": {
        "node": ">=12"
      }
    },
    "node_modules/esbuild-openbsd-64": {
      "version": "0.14.28",
      "resolved": "https://registry.npmjs.org/esbuild-openbsd-64/-/esbuild-openbsd-64-0.14.28.tgz",
      "integrity": "sha512-HBv18rVapbuDx52/fhZ/c/w6TXyaQAvRxiDDn5Hz/pBcwOs3cdd2WxeIKlWmDoqm2JMx5EVlq4IWgoaRX9mVkw==",
      "cpu": [
        "x64"
      ],
      "dev": true,
      "optional": true,
      "os": [
        "openbsd"
      ],
      "engines": {
        "node": ">=12"
      }
    },
    "node_modules/esbuild-plugin-import-glob": {
      "version": "0.1.1",
      "resolved": "https://registry.npmjs.org/esbuild-plugin-import-glob/-/esbuild-plugin-import-glob-0.1.1.tgz",
      "integrity": "sha512-yAFH+9AoIcsQkODSx0KUPRv1FeJUN6Tef8vkPQMcuVkc2vXYneYKsHhOiFS/yIsg5bQ70HHtAlXVA1uTjgoJXg==",
      "dev": true,
      "dependencies": {
        "fast-glob": "^3.2.5"
      }
    },
    "node_modules/esbuild-sunos-64": {
      "version": "0.14.28",
      "resolved": "https://registry.npmjs.org/esbuild-sunos-64/-/esbuild-sunos-64-0.14.28.tgz",
      "integrity": "sha512-zlIxePhZxKYheR2vBCgPVvTixgo/ozOfOMoP6RZj8dxzquU1NgeyhjkcRXucbLCtmoNJ+i4PtWwPZTLuDd3bGg==",
      "cpu": [
        "x64"
      ],
      "dev": true,
      "optional": true,
      "os": [
        "sunos"
      ],
      "engines": {
        "node": ">=12"
      }
    },
    "node_modules/esbuild-windows-32": {
      "version": "0.14.28",
      "resolved": "https://registry.npmjs.org/esbuild-windows-32/-/esbuild-windows-32-0.14.28.tgz",
      "integrity": "sha512-am9DIJxXlld1BOAY/VlvBQHMUCPL7S3gB/lnXIY3M4ys0gfuRqPf4EvMwZMzYUbFKBY+/Qb8SRgPRRGhwnJ8Kg==",
      "cpu": [
        "ia32"
      ],
      "dev": true,
      "optional": true,
      "os": [
        "win32"
      ],
      "engines": {
        "node": ">=12"
      }
    },
    "node_modules/esbuild-windows-64": {
      "version": "0.14.28",
      "resolved": "https://registry.npmjs.org/esbuild-windows-64/-/esbuild-windows-64-0.14.28.tgz",
      "integrity": "sha512-78PhySDnmRZlsPNp/W/5Fim8iivlBQQxfhBFIqR7xwvfDmCFUSByyMKP7LCHgNtb04yNdop8nJJkJaQ8Xnwgiw==",
      "cpu": [
        "x64"
      ],
      "dev": true,
      "optional": true,
      "os": [
        "win32"
      ],
      "engines": {
        "node": ">=12"
      }
    },
    "node_modules/esbuild-windows-arm64": {
      "version": "0.14.28",
      "resolved": "https://registry.npmjs.org/esbuild-windows-arm64/-/esbuild-windows-arm64-0.14.28.tgz",
      "integrity": "sha512-VhXGBTo6HELD8zyHXynV6+L2jWx0zkKnGx4TmEdSBK7UVFACtOyfUqpToG0EtnYyRZ0HESBhzPSVpP781ovmvA==",
      "cpu": [
        "arm64"
      ],
      "dev": true,
      "optional": true,
      "os": [
        "win32"
      ],
      "engines": {
        "node": ">=12"
      }
    },
    "node_modules/fast-glob": {
      "version": "3.2.11",
      "resolved": "https://registry.npmjs.org/fast-glob/-/fast-glob-3.2.11.tgz",
      "integrity": "sha512-xrO3+1bxSo3ZVHAnqzyuewYT6aMFHRAd4Kcs92MAonjwQZLsK9d0SF1IyQ3k5PoirxTW0Oe/RqFgMQ6TcNE5Ew==",
      "dev": true,
      "dependencies": {
        "@nodelib/fs.stat": "^2.0.2",
        "@nodelib/fs.walk": "^1.2.3",
        "glob-parent": "^5.1.2",
        "merge2": "^1.3.0",
        "micromatch": "^4.0.4"
      },
      "engines": {
        "node": ">=8.6.0"
      }
    },
    "node_modules/fastq": {
      "version": "1.13.0",
      "resolved": "https://registry.npmjs.org/fastq/-/fastq-1.13.0.tgz",
      "integrity": "sha512-YpkpUnK8od0o1hmeSc7UUs/eB/vIPWJYjKck2QKIzAf71Vm1AAQ3EbuZB3g2JIy+pg+ERD0vqI79KyZiB2e2Nw==",
      "dev": true,
      "dependencies": {
        "reusify": "^1.0.4"
      }
    },
    "node_modules/fill-range": {
      "version": "7.0.1",
      "resolved": "https://registry.npmjs.org/fill-range/-/fill-range-7.0.1.tgz",
      "integrity": "sha512-qOo9F+dMUmC2Lcb4BbVvnKJxTPjCm+RRpe4gDuGrzkL7mEVl/djYSu2OdQ2Pa302N4oqkSg9ir6jaLWJ2USVpQ==",
      "dev": true,
      "dependencies": {
        "to-regex-range": "^5.0.1"
      },
      "engines": {
        "node": ">=8"
      }
    },
    "node_modules/glob-parent": {
      "version": "5.1.2",
      "resolved": "https://registry.npmjs.org/glob-parent/-/glob-parent-5.1.2.tgz",
      "integrity": "sha512-AOIgSQCepiJYwP3ARnGx+5VnTu2HBYdzbGP45eLw1vr3zB3vZLeyed1sC9hnbcOc9/SrMyM5RPQrkGz4aS9Zow==",
      "dev": true,
      "dependencies": {
        "is-glob": "^4.0.1"
      },
      "engines": {
        "node": ">= 6"
      }
    },
    "node_modules/history": {
      "version": "5.3.0",
      "resolved": "https://registry.npmjs.org/history/-/history-5.3.0.tgz",
      "integrity": "sha512-ZqaKwjjrAYUYfLG+htGaIIZ4nioX2L70ZUMIFysS3xvBsSG4x/n1V6TXV3N8ZYNuFGlDirFg32T7B6WOUPDYcQ==",
      "dependencies": {
        "@babel/runtime": "^7.7.6"
      }
    },
    "node_modules/invariant": {
      "version": "2.2.4",
      "resolved": "https://registry.npmjs.org/invariant/-/invariant-2.2.4.tgz",
      "integrity": "sha512-phJfQVBuaJM5raOpJjSfkiD6BpbCE4Ns//LaXl6wGYtUBY83nWS6Rf9tXm2e8VaK60JEjYldbPif/A2B1C2gNA==",
      "dependencies": {
        "loose-envify": "^1.0.0"
      }
    },
    "node_modules/is-extglob": {
      "version": "2.1.1",
      "resolved": "https://registry.npmjs.org/is-extglob/-/is-extglob-2.1.1.tgz",
      "integrity": "sha1-qIwCU1eR8C7TfHahueqXc8gz+MI=",
      "dev": true,
      "engines": {
        "node": ">=0.10.0"
      }
    },
    "node_modules/is-glob": {
      "version": "4.0.3",
      "resolved": "https://registry.npmjs.org/is-glob/-/is-glob-4.0.3.tgz",
      "integrity": "sha512-xelSayHH36ZgE7ZWhli7pW34hNbNl8Ojv5KVmkJD4hBdD3th8Tfk9vYasLM+mXWOZhFkgZfxhLSnrwRr4elSSg==",
      "dev": true,
      "dependencies": {
        "is-extglob": "^2.1.1"
      },
      "engines": {
        "node": ">=0.10.0"
      }
    },
    "node_modules/is-number": {
      "version": "7.0.0",
      "resolved": "https://registry.npmjs.org/is-number/-/is-number-7.0.0.tgz",
      "integrity": "sha512-41Cifkg6e8TylSpdtTpeLVMqvSBEVzTttHvERD741+pnZ8ANv0004MRL43QKPDlK9cGvNp6NZWZUBlbGXYxxng==",
      "dev": true,
      "engines": {
        "node": ">=0.12.0"
      }
    },
    "node_modules/js-tokens": {
      "version": "4.0.0",
      "resolved": "https://registry.npmjs.org/js-tokens/-/js-tokens-4.0.0.tgz",
      "integrity": "sha512-RdJUflcE3cUzKiMqQgsCu06FPu9UdIJO0beYbPhHN4k6apgJtifcoCtT9bcxOpYBtpD2kCM6Sbzg4CausW/PKQ=="
    },
    "node_modules/loose-envify": {
      "version": "1.4.0",
      "resolved": "https://registry.npmjs.org/loose-envify/-/loose-envify-1.4.0.tgz",
      "integrity": "sha512-lyuxPGr/Wfhrlem2CL/UcnUc1zcqKAImBDzukY7Y5F/yQiNdko6+fRLevlw1HgMySw7f611UIY408EtxRSoK3Q==",
      "dependencies": {
        "js-tokens": "^3.0.0 || ^4.0.0"
      },
      "bin": {
        "loose-envify": "cli.js"
      }
    },
    "node_modules/merge2": {
      "version": "1.4.1",
      "resolved": "https://registry.npmjs.org/merge2/-/merge2-1.4.1.tgz",
      "integrity": "sha512-8q7VEgMJW4J8tcfVPy8g09NcQwZdbwFEqhe/WZkoIzjn/3TGDwtOCYtXGxA3O8tPzpczCCDgv+P2P5y00ZJOOg==",
      "dev": true,
      "engines": {
        "node": ">= 8"
      }
    },
    "node_modules/micromatch": {
      "version": "4.0.5",
      "resolved": "https://registry.npmjs.org/micromatch/-/micromatch-4.0.5.tgz",
      "integrity": "sha512-DMy+ERcEW2q8Z2Po+WNXuw3c5YaUSFjAO5GsJqfEl7UjvtIuFKO6ZrKvcItdy98dwFI2N1tg3zNIdKaQT+aNdA==",
      "dev": true,
      "dependencies": {
        "braces": "^3.0.2",
        "picomatch": "^2.3.1"
      },
      "engines": {
        "node": ">=8.6"
      }
    },
    "node_modules/mime": {
      "version": "3.0.0",
      "resolved": "https://registry.npmjs.org/mime/-/mime-3.0.0.tgz",
      "integrity": "sha512-jSCU7/VB1loIWBZe14aEYHU/+1UMEHoaO7qxCOVJOw9GgH72VAWppxNcjU+x9a2k3GSIBXNKxXQFqRvvZ7vr3A==",
      "bin": {
        "mime": "cli.js"
      },
      "engines": {
        "node": ">=10.0.0"
      }
    },
    "node_modules/object-assign": {
      "version": "4.1.1",
      "resolved": "https://registry.npmjs.org/object-assign/-/object-assign-4.1.1.tgz",
      "integrity": "sha1-IQmtx5ZYh8/AXLvUQsrIv7s2CGM=",
      "engines": {
        "node": ">=0.10.0"
      }
    },
    "node_modules/picomatch": {
      "version": "2.3.1",
      "resolved": "https://registry.npmjs.org/picomatch/-/picomatch-2.3.1.tgz",
      "integrity": "sha512-JU3teHTNjmE2VCGFzuY8EXzCDVwEqB2a8fsIvwaStHhAWJEeVd1o1QD80CU6+ZdEXXSLbSsuLwJjkCBWqRQUVA==",
      "dev": true,
      "engines": {
        "node": ">=8.6"
      },
      "funding": {
        "url": "https://github.com/sponsors/jonschlinkert"
      }
    },
    "node_modules/queue-microtask": {
      "version": "1.2.3",
      "resolved": "https://registry.npmjs.org/queue-microtask/-/queue-microtask-1.2.3.tgz",
      "integrity": "sha512-NuaNSa6flKT5JaSYQzJok04JzTL1CA6aGhv5rfLW3PgqA+M2ChpZQnAC8h8i4ZFkBS8X5RqkDBHA7r4hej3K9A==",
      "dev": true,
      "funding": [
        {
          "type": "github",
          "url": "https://github.com/sponsors/feross"
        },
        {
          "type": "patreon",
          "url": "https://www.patreon.com/feross"
        },
        {
          "type": "consulting",
          "url": "https://feross.org/support"
        }
      ]
    },
    "node_modules/react": {
      "version": "17.0.2",
      "resolved": "https://registry.npmjs.org/react/-/react-17.0.2.tgz",
      "integrity": "sha512-gnhPt75i/dq/z3/6q/0asP78D0u592D5L1pd7M8P+dck6Fu/jJeL6iVVK23fptSUZj8Vjf++7wXA8UNclGQcbA==",
      "dependencies": {
        "loose-envify": "^1.1.0",
        "object-assign": "^4.1.1"
      },
      "engines": {
        "node": ">=0.10.0"
      }
    },
    "node_modules/react-dom": {
      "version": "17.0.2",
      "resolved": "https://registry.npmjs.org/react-dom/-/react-dom-17.0.2.tgz",
      "integrity": "sha512-s4h96KtLDUQlsENhMn1ar8t2bEa+q/YAtj8pPPdIjPDGBDIVNsrD9aXNWqspUe6AzKCIG0C1HZZLqLV7qpOBGA==",
      "peer": true,
      "dependencies": {
        "loose-envify": "^1.1.0",
        "object-assign": "^4.1.1",
        "scheduler": "^0.20.2"
      },
      "peerDependencies": {
        "react": "17.0.2"
      }
    },
    "node_modules/react-router": {
      "version": "6.2.2",
      "resolved": "https://registry.npmjs.org/react-router/-/react-router-6.2.2.tgz",
      "integrity": "sha512-/MbxyLzd7Q7amp4gDOGaYvXwhEojkJD5BtExkuKmj39VEE0m3l/zipf6h2WIB2jyAO0lI6NGETh4RDcktRm4AQ==",
      "dependencies": {
        "history": "^5.2.0"
      },
      "peerDependencies": {
        "react": ">=16.8"
      }
    },
    "node_modules/react-router-dom": {
      "version": "6.2.2",
      "resolved": "https://registry.npmjs.org/react-router-dom/-/react-router-dom-6.2.2.tgz",
      "integrity": "sha512-AtYEsAST7bDD4dLSQHDnk/qxWLJdad5t1HFa1qJyUrCeGgEuCSw0VB/27ARbF9Fi/W5598ujvJOm3ujUCVzuYQ==",
      "dependencies": {
        "history": "^5.2.0",
        "react-router": "6.2.2"
      },
      "peerDependencies": {
        "react": ">=16.8",
        "react-dom": ">=16.8"
      }
    },
    "node_modules/react-use-websocket": {
      "version": "3.0.0",
      "resolved": "https://registry.npmjs.org/react-use-websocket/-/react-use-websocket-3.0.0.tgz",
      "integrity": "sha512-BInlbhXYrODBPKIplDAmI0J1VPM+1KhCLN09o+dzgQ8qMyrYs4t5kEYmCrTqyRuMTmpahylHFZWQXpfYyDkqOw==",
      "peerDependencies": {
        "react": ">= 16.8.0",
        "react-dom": ">= 16.8.0"
      }
    },
    "node_modules/regenerator-runtime": {
      "version": "0.13.9",
      "resolved": "https://registry.npmjs.org/regenerator-runtime/-/regenerator-runtime-0.13.9.tgz",
      "integrity": "sha512-p3VT+cOEgxFsRRA9X4lkI1E+k2/CtnKtU4gcxyaCUreilL/vqI6CdZ3wxVUx3UOUg+gnUOQQcRI7BmSI656MYA=="
    },
    "node_modules/regexparam": {
      "version": "2.0.0",
      "resolved": "https://registry.npmjs.org/regexparam/-/regexparam-2.0.0.tgz",
      "integrity": "sha512-gJKwd2MVPWHAIFLsaYDZfyKzHNS4o7E/v8YmNf44vmeV2e4YfVoDToTOKTvE7ab68cRJ++kLuEXJBaEeJVt5ow==",
      "engines": {
        "node": ">=8"
      }
    },
    "node_modules/reusify": {
      "version": "1.0.4",
      "resolved": "https://registry.npmjs.org/reusify/-/reusify-1.0.4.tgz",
      "integrity": "sha512-U9nH88a3fc/ekCF1l0/UP1IosiuIjyTh7hBvXVMHYgVcfGvt897Xguj2UOLDeI5BG2m7/uwyaLVT6fbtCwTyzw==",
      "dev": true,
      "engines": {
        "iojs": ">=1.0.0",
        "node": ">=0.10.0"
      }
    },
    "node_modules/run-parallel": {
      "version": "1.2.0",
      "resolved": "https://registry.npmjs.org/run-parallel/-/run-parallel-1.2.0.tgz",
      "integrity": "sha512-5l4VyZR86LZ/lDxZTR6jqL8AFE2S0IFLMP26AbjsLVADxHdhB/c0GUsH+y39UfCi3dzz8OlQuPmnaJOMoDHQBA==",
      "dev": true,
      "funding": [
        {
          "type": "github",
          "url": "https://github.com/sponsors/feross"
        },
        {
          "type": "patreon",
          "url": "https://www.patreon.com/feross"
        },
        {
          "type": "consulting",
          "url": "https://feross.org/support"
        }
      ],
      "dependencies": {
        "queue-microtask": "^1.2.2"
      }
    },
    "node_modules/scheduler": {
      "version": "0.20.2",
      "resolved": "https://registry.npmjs.org/scheduler/-/scheduler-0.20.2.tgz",
      "integrity": "sha512-2eWfGgAqqWFGqtdMmcL5zCMK1U8KlXv8SQFGglL3CEtd0aDVDWgeF/YoCmvln55m5zSk3J/20hTaSBeSObsQDQ==",
      "peer": true,
      "dependencies": {
        "loose-envify": "^1.1.0",
        "object-assign": "^4.1.1"
      }
    },
    "node_modules/to-regex-range": {
      "version": "5.0.1",
      "resolved": "https://registry.npmjs.org/to-regex-range/-/to-regex-range-5.0.1.tgz",
      "integrity": "sha512-65P7iz6X5yEr1cwcgvQxbbIw7Uk3gOy5dIdtZ4rDveLqhrdJP+Li/Hx6tyK0NEb+2GCyneCMJiGqrADCSNk8sQ==",
      "dev": true,
      "dependencies": {
        "is-number": "^7.0.0"
      },
      "engines": {
        "node": ">=8.0"
      }
    },
    "node_modules/url-matcher": {
      "version": "0.2.2",
      "resolved": "https://registry.npmjs.org/url-matcher/-/url-matcher-0.2.2.tgz",
      "integrity": "sha1-cCZwFQVpBj1Lo5q9fsrQrU3D2pM=",
      "dependencies": {
        "invariant": "^2.0.0"
      }
    },
    "node_modules/wouter": {
      "version": "2.8.0-alpha.2",
      "resolved": "https://registry.npmjs.org/wouter/-/wouter-2.8.0-alpha.2.tgz",
      "integrity": "sha512-aPsL5m5rW9RiceClOmGj6t5gn9Ut2TJVr98UDi1u9MIRNYiYVflg6vFIjdDYJ4IAyH0JdnkSgGwfo0LQS3k2zg==",
      "peerDependencies": {
        "react": ">=16.8.0"
      }
    }
  },
  "dependencies": {
    "@babel/runtime": {
      "version": "7.17.8",
      "resolved": "https://registry.npmjs.org/@babel/runtime/-/runtime-7.17.8.tgz",
      "integrity": "sha512-dQpEpK0O9o6lj6oPu0gRDbbnk+4LeHlNcBpspf6Olzt3GIX4P1lWF1gS+pHLDFlaJvbR6q7jCfQ08zA4QJBnmA==",
      "requires": {
        "regenerator-runtime": "^0.13.4"
      }
    },
    "@cloudflare/kv-asset-handler": {
      "version": "0.2.0",
      "resolved": "https://registry.npmjs.org/@cloudflare/kv-asset-handler/-/kv-asset-handler-0.2.0.tgz",
      "integrity": "sha512-MVbXLbTcAotOPUj0pAMhVtJ+3/kFkwJqc5qNOleOZTv6QkZZABDMS21dSrSlVswEHwrpWC03e4fWytjqKvuE2A==",
      "requires": {
        "mime": "^3.0.0"
      }
    },
    "@nodelib/fs.scandir": {
      "version": "2.1.5",
      "resolved": "https://registry.npmjs.org/@nodelib/fs.scandir/-/fs.scandir-2.1.5.tgz",
      "integrity": "sha512-vq24Bq3ym5HEQm2NKCr3yXDwjc7vTsEThRDnkp2DK9p1uqLR+DHurm/NOTo0KG7HYHU7eppKZj3MyqYuMBf62g==",
      "dev": true,
      "requires": {
        "@nodelib/fs.stat": "2.0.5",
        "run-parallel": "^1.1.9"
      }
    },
    "@nodelib/fs.stat": {
      "version": "2.0.5",
      "resolved": "https://registry.npmjs.org/@nodelib/fs.stat/-/fs.stat-2.0.5.tgz",
      "integrity": "sha512-RkhPPp2zrqDAQA/2jNhnztcPAlv64XdhIp7a7454A5ovI7Bukxgt7MX7udwAu3zg1DcpPU0rz3VV1SeaqvY4+A==",
      "dev": true
    },
    "@nodelib/fs.walk": {
      "version": "1.2.8",
      "resolved": "https://registry.npmjs.org/@nodelib/fs.walk/-/fs.walk-1.2.8.tgz",
      "integrity": "sha512-oGB+UxlgWcgQkgwo8GcEGwemoTFt3FIO9ababBmaGwXIoBKZ+GTy0pP185beGg7Llih/NSHSV2XAs1lnznocSg==",
      "dev": true,
      "requires": {
        "@nodelib/fs.scandir": "2.1.5",
        "fastq": "^1.6.0"
      }
    },
    "braces": {
      "version": "3.0.2",
      "resolved": "https://registry.npmjs.org/braces/-/braces-3.0.2.tgz",
      "integrity": "sha512-b8um+L1RzM3WDSzvhm6gIz1yfTbBt6YTlcEKAvsmqCZZFw46z626lVj9j1yEPW33H5H+lBQpZMP1k8l+78Ha0A==",
      "dev": true,
      "requires": {
        "fill-range": "^7.0.1"
      }
    },
    "classnames": {
      "version": "2.3.1",
      "resolved": "https://registry.npmjs.org/classnames/-/classnames-2.3.1.tgz",
      "integrity": "sha512-OlQdbZ7gLfGarSqxesMesDa5uz7KFbID8Kpq/SxIoNGDqY8lSYs0D+hhtBXhcdB3rcbXArFr7vlHheLk1voeNA=="
    },
    "esbuild": {
      "version": "0.14.28",
      "resolved": "https://registry.npmjs.org/esbuild/-/esbuild-0.14.28.tgz",
      "integrity": "sha512-YLNprkCcMVKQ5sekmCKEQ3Obu/L7s6+iij38xNKyBeSmSsTWur4Ky/9zB3XIGT8SCJITG/bZwAR2l7YOAXch4Q==",
      "dev": true,
      "requires": {
        "esbuild-android-64": "0.14.28",
        "esbuild-android-arm64": "0.14.28",
        "esbuild-darwin-64": "0.14.28",
        "esbuild-darwin-arm64": "0.14.28",
        "esbuild-freebsd-64": "0.14.28",
        "esbuild-freebsd-arm64": "0.14.28",
        "esbuild-linux-32": "0.14.28",
        "esbuild-linux-64": "0.14.28",
        "esbuild-linux-arm": "0.14.28",
        "esbuild-linux-arm64": "0.14.28",
        "esbuild-linux-mips64le": "0.14.28",
        "esbuild-linux-ppc64le": "0.14.28",
        "esbuild-linux-riscv64": "0.14.28",
        "esbuild-linux-s390x": "0.14.28",
        "esbuild-netbsd-64": "0.14.28",
        "esbuild-openbsd-64": "0.14.28",
        "esbuild-sunos-64": "0.14.28",
        "esbuild-windows-32": "0.14.28",
        "esbuild-windows-64": "0.14.28",
        "esbuild-windows-arm64": "0.14.28"
      }
    },
    "esbuild-android-64": {
      "version": "0.14.28",
      "resolved": "https://registry.npmjs.org/esbuild-android-64/-/esbuild-android-64-0.14.28.tgz",
      "integrity": "sha512-A52C3zq+9tNwCqZ+4kVLBxnk/WnrYM8P2+QNvNE9B6d2OVPs214lp3g6UyO+dKDhUdefhfPCuwkP8j2A/+szNA==",
      "dev": true,
      "optional": true
    },
    "esbuild-android-arm64": {
      "version": "0.14.28",
      "resolved": "https://registry.npmjs.org/esbuild-android-arm64/-/esbuild-android-arm64-0.14.28.tgz",
      "integrity": "sha512-sm0fDEGElZhMC3HLZeECI2juE4aG7uPfMBMqNUhy9CeX399Pz8rC6e78OXMXInGjSdEAwQmCOHmfsP7uv3Q8rA==",
      "dev": true,
      "optional": true
    },
    "esbuild-darwin-64": {
      "version": "0.14.28",
      "resolved": "https://registry.npmjs.org/esbuild-darwin-64/-/esbuild-darwin-64-0.14.28.tgz",
      "integrity": "sha512-nzDd7mQ44FvsFHtOafZdBgn3Li5SMsnMnoz1J2MM37xJmR3wGNTFph88KypjHgWqwbxCI7MXS1U+sN4qDeeW6Q==",
      "dev": true,
      "optional": true
    },
    "esbuild-darwin-arm64": {
      "version": "0.14.28",
      "resolved": "https://registry.npmjs.org/esbuild-darwin-arm64/-/esbuild-darwin-arm64-0.14.28.tgz",
      "integrity": "sha512-XEq/bLR/glsUl+uGrBimQzOVs/CmwI833fXUhP9xrLI3IJ+rKyrZ5IA8u+1crOEf1LoTn8tV+hInmX6rGjbScw==",
      "dev": true,
      "optional": true
    },
    "esbuild-freebsd-64": {
      "version": "0.14.28",
      "resolved": "https://registry.npmjs.org/esbuild-freebsd-64/-/esbuild-freebsd-64-0.14.28.tgz",
      "integrity": "sha512-rTKLgUj/HEcPeE5XZ7IZwWpFx7IWMfprN7QRk/TUJE1s1Ipb58esboIesUpjirJz/BwrgHq+FDG9ChAI8dZAtQ==",
      "dev": true,
      "optional": true
    },
    "esbuild-freebsd-arm64": {
      "version": "0.14.28",
      "resolved": "https://registry.npmjs.org/esbuild-freebsd-arm64/-/esbuild-freebsd-arm64-0.14.28.tgz",
      "integrity": "sha512-sBffxD1UMOsB7aWMoExmipycjcy3HJGwmqE4GQZUTZvdiH4GhjgUiVdtPyt7kSCdL40JqnWQJ4b1l8Y51oCF4Q==",
      "dev": true,
      "optional": true
    },
    "esbuild-linux-32": {
      "version": "0.14.28",
      "resolved": "https://registry.npmjs.org/esbuild-linux-32/-/esbuild-linux-32-0.14.28.tgz",
      "integrity": "sha512-+Wxidh3fBEQ9kHcCsD4etlBTMb1n6QY2uXv3rFhVn88CY/JP782MhA57/ipLMY4kOLeSKEuFGN4rtjHuhmRMig==",
      "dev": true,
      "optional": true
    },
    "esbuild-linux-64": {
      "version": "0.14.28",
      "resolved": "https://registry.npmjs.org/esbuild-linux-64/-/esbuild-linux-64-0.14.28.tgz",
      "integrity": "sha512-7+xgsC4LvR6cnzaBdiljNnPDjbkwzahogN+S9uy9AoYw7ZjPnnXc6sjQAVCbqGb7MEgrWdpa6u/Tao79i4lWxg==",
      "dev": true,
      "optional": true
    },
    "esbuild-linux-arm": {
      "version": "0.14.28",
      "resolved": "https://registry.npmjs.org/esbuild-linux-arm/-/esbuild-linux-arm-0.14.28.tgz",
      "integrity": "sha512-L5isjmlLbh9E0WVllXiVETbScgMbth/+XkXQii1WwgO1RvLIfaGrVFz8d2n6EH/ImtgYxPYGx+OcvIKQBc91Rg==",
      "dev": true,
      "optional": true
    },
    "esbuild-linux-arm64": {
      "version": "0.14.28",
      "resolved": "https://registry.npmjs.org/esbuild-linux-arm64/-/esbuild-linux-arm64-0.14.28.tgz",
      "integrity": "sha512-EjRHgwg+kgXABzyoPGPOPg4d5wZqRnZ/ZAxBDzLY+i6DS8OUfTSlZHWIOZzU4XF7125WxRBg9ULbrFJBl+57Eg==",
      "dev": true,
      "optional": true
    },
    "esbuild-linux-mips64le": {
      "version": "0.14.28",
      "resolved": "https://registry.npmjs.org/esbuild-linux-mips64le/-/esbuild-linux-mips64le-0.14.28.tgz",
      "integrity": "sha512-krx9SSg7yfiUKk64EmjefOyiEF6nv2bRE4um/LiTaQ6Y/6FP4UF3/Ou/AxZVyR154uSRq63xejcAsmswXAYRsw==",
      "dev": true,
      "optional": true
    },
    "esbuild-linux-ppc64le": {
      "version": "0.14.28",
      "resolved": "https://registry.npmjs.org/esbuild-linux-ppc64le/-/esbuild-linux-ppc64le-0.14.28.tgz",
      "integrity": "sha512-LD0Xxu9g+DNuhsEBV5QuVZ4uKVBMup0xPIruLweuAf9/mHXFnaCuNXUBF5t0DxKl7GQ5MSioKtnb92oMo+QXEw==",
      "dev": true,
      "optional": true
    },
    "esbuild-linux-riscv64": {
      "version": "0.14.28",
      "resolved": "https://registry.npmjs.org/esbuild-linux-riscv64/-/esbuild-linux-riscv64-0.14.28.tgz",
      "integrity": "sha512-L/DWfRh2P0vxq4Y+qieSNXKGdMg+e9Qe8jkbN2/8XSGYDTPzO2OcAxSujob4qIh7iSl+cknbXV+BvH0YFR0jbg==",
      "dev": true,
      "optional": true
    },
    "esbuild-linux-s390x": {
      "version": "0.14.28",
      "resolved": "https://registry.npmjs.org/esbuild-linux-s390x/-/esbuild-linux-s390x-0.14.28.tgz",
      "integrity": "sha512-rrgxmsbmL8QQknWGnAL9bGJRQYLOi2AzXy5OTwfhxnj9eqjo5mSVbJXjgiq5LPUAMQZGdPH5yaNK0obAXS81Zw==",
      "dev": true,
      "optional": true
    },
    "esbuild-netbsd-64": {
      "version": "0.14.28",
      "resolved": "https://registry.npmjs.org/esbuild-netbsd-64/-/esbuild-netbsd-64-0.14.28.tgz",
      "integrity": "sha512-h8wntIyOR8/xMVVM6TvJxxWKh4AjmLK87IPKpuVi8Pq0kyk0RMA+eo4PFGk5j2XK0D7dj8PcSF5NSlP9kN/j0A==",
      "dev": true,
      "optional": true
    },
    "esbuild-openbsd-64": {
      "version": "0.14.28",
      "resolved": "https://registry.npmjs.org/esbuild-openbsd-64/-/esbuild-openbsd-64-0.14.28.tgz",
      "integrity": "sha512-HBv18rVapbuDx52/fhZ/c/w6TXyaQAvRxiDDn5Hz/pBcwOs3cdd2WxeIKlWmDoqm2JMx5EVlq4IWgoaRX9mVkw==",
      "dev": true,
      "optional": true
    },
    "esbuild-plugin-import-glob": {
      "version": "0.1.1",
      "resolved": "https://registry.npmjs.org/esbuild-plugin-import-glob/-/esbuild-plugin-import-glob-0.1.1.tgz",
      "integrity": "sha512-yAFH+9AoIcsQkODSx0KUPRv1FeJUN6Tef8vkPQMcuVkc2vXYneYKsHhOiFS/yIsg5bQ70HHtAlXVA1uTjgoJXg==",
      "dev": true,
      "requires": {
        "fast-glob": "^3.2.5"
      }
    },
    "esbuild-sunos-64": {
      "version": "0.14.28",
      "resolved": "https://registry.npmjs.org/esbuild-sunos-64/-/esbuild-sunos-64-0.14.28.tgz",
      "integrity": "sha512-zlIxePhZxKYheR2vBCgPVvTixgo/ozOfOMoP6RZj8dxzquU1NgeyhjkcRXucbLCtmoNJ+i4PtWwPZTLuDd3bGg==",
      "dev": true,
      "optional": true
    },
    "esbuild-windows-32": {
      "version": "0.14.28",
      "resolved": "https://registry.npmjs.org/esbuild-windows-32/-/esbuild-windows-32-0.14.28.tgz",
      "integrity": "sha512-am9DIJxXlld1BOAY/VlvBQHMUCPL7S3gB/lnXIY3M4ys0gfuRqPf4EvMwZMzYUbFKBY+/Qb8SRgPRRGhwnJ8Kg==",
      "dev": true,
      "optional": true
    },
    "esbuild-windows-64": {
      "version": "0.14.28",
      "resolved": "https://registry.npmjs.org/esbuild-windows-64/-/esbuild-windows-64-0.14.28.tgz",
      "integrity": "sha512-78PhySDnmRZlsPNp/W/5Fim8iivlBQQxfhBFIqR7xwvfDmCFUSByyMKP7LCHgNtb04yNdop8nJJkJaQ8Xnwgiw==",
      "dev": true,
      "optional": true
    },
    "esbuild-windows-arm64": {
      "version": "0.14.28",
      "resolved": "https://registry.npmjs.org/esbuild-windows-arm64/-/esbuild-windows-arm64-0.14.28.tgz",
      "integrity": "sha512-VhXGBTo6HELD8zyHXynV6+L2jWx0zkKnGx4TmEdSBK7UVFACtOyfUqpToG0EtnYyRZ0HESBhzPSVpP781ovmvA==",
      "dev": true,
      "optional": true
    },
    "fast-glob": {
      "version": "3.2.11",
      "resolved": "https://registry.npmjs.org/fast-glob/-/fast-glob-3.2.11.tgz",
      "integrity": "sha512-xrO3+1bxSo3ZVHAnqzyuewYT6aMFHRAd4Kcs92MAonjwQZLsK9d0SF1IyQ3k5PoirxTW0Oe/RqFgMQ6TcNE5Ew==",
      "dev": true,
      "requires": {
        "@nodelib/fs.stat": "^2.0.2",
        "@nodelib/fs.walk": "^1.2.3",
        "glob-parent": "^5.1.2",
        "merge2": "^1.3.0",
        "micromatch": "^4.0.4"
      }
    },
    "fastq": {
      "version": "1.13.0",
      "resolved": "https://registry.npmjs.org/fastq/-/fastq-1.13.0.tgz",
      "integrity": "sha512-YpkpUnK8od0o1hmeSc7UUs/eB/vIPWJYjKck2QKIzAf71Vm1AAQ3EbuZB3g2JIy+pg+ERD0vqI79KyZiB2e2Nw==",
      "dev": true,
      "requires": {
        "reusify": "^1.0.4"
      }
    },
    "fill-range": {
      "version": "7.0.1",
      "resolved": "https://registry.npmjs.org/fill-range/-/fill-range-7.0.1.tgz",
      "integrity": "sha512-qOo9F+dMUmC2Lcb4BbVvnKJxTPjCm+RRpe4gDuGrzkL7mEVl/djYSu2OdQ2Pa302N4oqkSg9ir6jaLWJ2USVpQ==",
      "dev": true,
      "requires": {
        "to-regex-range": "^5.0.1"
      }
    },
    "glob-parent": {
      "version": "5.1.2",
      "resolved": "https://registry.npmjs.org/glob-parent/-/glob-parent-5.1.2.tgz",
      "integrity": "sha512-AOIgSQCepiJYwP3ARnGx+5VnTu2HBYdzbGP45eLw1vr3zB3vZLeyed1sC9hnbcOc9/SrMyM5RPQrkGz4aS9Zow==",
      "dev": true,
      "requires": {
        "is-glob": "^4.0.1"
      }
    },
    "history": {
      "version": "5.3.0",
      "resolved": "https://registry.npmjs.org/history/-/history-5.3.0.tgz",
      "integrity": "sha512-ZqaKwjjrAYUYfLG+htGaIIZ4nioX2L70ZUMIFysS3xvBsSG4x/n1V6TXV3N8ZYNuFGlDirFg32T7B6WOUPDYcQ==",
      "requires": {
        "@babel/runtime": "^7.7.6"
      }
    },
    "invariant": {
      "version": "2.2.4",
      "resolved": "https://registry.npmjs.org/invariant/-/invariant-2.2.4.tgz",
      "integrity": "sha512-phJfQVBuaJM5raOpJjSfkiD6BpbCE4Ns//LaXl6wGYtUBY83nWS6Rf9tXm2e8VaK60JEjYldbPif/A2B1C2gNA==",
      "requires": {
        "loose-envify": "^1.0.0"
      }
    },
    "is-extglob": {
      "version": "2.1.1",
      "resolved": "https://registry.npmjs.org/is-extglob/-/is-extglob-2.1.1.tgz",
      "integrity": "sha1-qIwCU1eR8C7TfHahueqXc8gz+MI=",
      "dev": true
    },
    "is-glob": {
      "version": "4.0.3",
      "resolved": "https://registry.npmjs.org/is-glob/-/is-glob-4.0.3.tgz",
      "integrity": "sha512-xelSayHH36ZgE7ZWhli7pW34hNbNl8Ojv5KVmkJD4hBdD3th8Tfk9vYasLM+mXWOZhFkgZfxhLSnrwRr4elSSg==",
      "dev": true,
      "requires": {
        "is-extglob": "^2.1.1"
      }
    },
    "is-number": {
      "version": "7.0.0",
      "resolved": "https://registry.npmjs.org/is-number/-/is-number-7.0.0.tgz",
      "integrity": "sha512-41Cifkg6e8TylSpdtTpeLVMqvSBEVzTttHvERD741+pnZ8ANv0004MRL43QKPDlK9cGvNp6NZWZUBlbGXYxxng==",
      "dev": true
    },
    "js-tokens": {
      "version": "4.0.0",
      "resolved": "https://registry.npmjs.org/js-tokens/-/js-tokens-4.0.0.tgz",
      "integrity": "sha512-RdJUflcE3cUzKiMqQgsCu06FPu9UdIJO0beYbPhHN4k6apgJtifcoCtT9bcxOpYBtpD2kCM6Sbzg4CausW/PKQ=="
    },
    "loose-envify": {
      "version": "1.4.0",
      "resolved": "https://registry.npmjs.org/loose-envify/-/loose-envify-1.4.0.tgz",
      "integrity": "sha512-lyuxPGr/Wfhrlem2CL/UcnUc1zcqKAImBDzukY7Y5F/yQiNdko6+fRLevlw1HgMySw7f611UIY408EtxRSoK3Q==",
      "requires": {
        "js-tokens": "^3.0.0 || ^4.0.0"
      }
    },
    "merge2": {
      "version": "1.4.1",
      "resolved": "https://registry.npmjs.org/merge2/-/merge2-1.4.1.tgz",
      "integrity": "sha512-8q7VEgMJW4J8tcfVPy8g09NcQwZdbwFEqhe/WZkoIzjn/3TGDwtOCYtXGxA3O8tPzpczCCDgv+P2P5y00ZJOOg==",
      "dev": true
    },
    "micromatch": {
      "version": "4.0.5",
      "resolved": "https://registry.npmjs.org/micromatch/-/micromatch-4.0.5.tgz",
      "integrity": "sha512-DMy+ERcEW2q8Z2Po+WNXuw3c5YaUSFjAO5GsJqfEl7UjvtIuFKO6ZrKvcItdy98dwFI2N1tg3zNIdKaQT+aNdA==",
      "dev": true,
      "requires": {
        "braces": "^3.0.2",
        "picomatch": "^2.3.1"
      }
    },
    "mime": {
      "version": "3.0.0",
      "resolved": "https://registry.npmjs.org/mime/-/mime-3.0.0.tgz",
      "integrity": "sha512-jSCU7/VB1loIWBZe14aEYHU/+1UMEHoaO7qxCOVJOw9GgH72VAWppxNcjU+x9a2k3GSIBXNKxXQFqRvvZ7vr3A=="
    },
    "object-assign": {
      "version": "4.1.1",
      "resolved": "https://registry.npmjs.org/object-assign/-/object-assign-4.1.1.tgz",
      "integrity": "sha1-IQmtx5ZYh8/AXLvUQsrIv7s2CGM="
    },
    "picomatch": {
      "version": "2.3.1",
      "resolved": "https://registry.npmjs.org/picomatch/-/picomatch-2.3.1.tgz",
      "integrity": "sha512-JU3teHTNjmE2VCGFzuY8EXzCDVwEqB2a8fsIvwaStHhAWJEeVd1o1QD80CU6+ZdEXXSLbSsuLwJjkCBWqRQUVA==",
      "dev": true
    },
    "queue-microtask": {
      "version": "1.2.3",
      "resolved": "https://registry.npmjs.org/queue-microtask/-/queue-microtask-1.2.3.tgz",
      "integrity": "sha512-NuaNSa6flKT5JaSYQzJok04JzTL1CA6aGhv5rfLW3PgqA+M2ChpZQnAC8h8i4ZFkBS8X5RqkDBHA7r4hej3K9A==",
      "dev": true
    },
    "react": {
      "version": "17.0.2",
      "resolved": "https://registry.npmjs.org/react/-/react-17.0.2.tgz",
      "integrity": "sha512-gnhPt75i/dq/z3/6q/0asP78D0u592D5L1pd7M8P+dck6Fu/jJeL6iVVK23fptSUZj8Vjf++7wXA8UNclGQcbA==",
      "requires": {
        "loose-envify": "^1.1.0",
        "object-assign": "^4.1.1"
      }
    },
    "react-dom": {
      "version": "17.0.2",
      "resolved": "https://registry.npmjs.org/react-dom/-/react-dom-17.0.2.tgz",
      "integrity": "sha512-s4h96KtLDUQlsENhMn1ar8t2bEa+q/YAtj8pPPdIjPDGBDIVNsrD9aXNWqspUe6AzKCIG0C1HZZLqLV7qpOBGA==",
      "peer": true,
      "requires": {
        "loose-envify": "^1.1.0",
        "object-assign": "^4.1.1",
        "scheduler": "^0.20.2"
      }
    },
    "react-router": {
      "version": "6.2.2",
      "resolved": "https://registry.npmjs.org/react-router/-/react-router-6.2.2.tgz",
      "integrity": "sha512-/MbxyLzd7Q7amp4gDOGaYvXwhEojkJD5BtExkuKmj39VEE0m3l/zipf6h2WIB2jyAO0lI6NGETh4RDcktRm4AQ==",
      "requires": {
        "history": "^5.2.0"
      }
    },
    "react-router-dom": {
      "version": "6.2.2",
      "resolved": "https://registry.npmjs.org/react-router-dom/-/react-router-dom-6.2.2.tgz",
      "integrity": "sha512-AtYEsAST7bDD4dLSQHDnk/qxWLJdad5t1HFa1qJyUrCeGgEuCSw0VB/27ARbF9Fi/W5598ujvJOm3ujUCVzuYQ==",
      "requires": {
        "history": "^5.2.0",
        "react-router": "6.2.2"
      }
    },
    "react-use-websocket": {
      "version": "3.0.0",
      "resolved": "https://registry.npmjs.org/react-use-websocket/-/react-use-websocket-3.0.0.tgz",
      "integrity": "sha512-BInlbhXYrODBPKIplDAmI0J1VPM+1KhCLN09o+dzgQ8qMyrYs4t5kEYmCrTqyRuMTmpahylHFZWQXpfYyDkqOw==",
      "requires": {}
    },
    "regenerator-runtime": {
      "version": "0.13.9",
      "resolved": "https://registry.npmjs.org/regenerator-runtime/-/regenerator-runtime-0.13.9.tgz",
      "integrity": "sha512-p3VT+cOEgxFsRRA9X4lkI1E+k2/CtnKtU4gcxyaCUreilL/vqI6CdZ3wxVUx3UOUg+gnUOQQcRI7BmSI656MYA=="
    },
    "regexparam": {
      "version": "2.0.0",
      "resolved": "https://registry.npmjs.org/regexparam/-/regexparam-2.0.0.tgz",
      "integrity": "sha512-gJKwd2MVPWHAIFLsaYDZfyKzHNS4o7E/v8YmNf44vmeV2e4YfVoDToTOKTvE7ab68cRJ++kLuEXJBaEeJVt5ow=="
    },
    "reusify": {
      "version": "1.0.4",
      "resolved": "https://registry.npmjs.org/reusify/-/reusify-1.0.4.tgz",
      "integrity": "sha512-U9nH88a3fc/ekCF1l0/UP1IosiuIjyTh7hBvXVMHYgVcfGvt897Xguj2UOLDeI5BG2m7/uwyaLVT6fbtCwTyzw==",
      "dev": true
    },
    "run-parallel": {
      "version": "1.2.0",
      "resolved": "https://registry.npmjs.org/run-parallel/-/run-parallel-1.2.0.tgz",
      "integrity": "sha512-5l4VyZR86LZ/lDxZTR6jqL8AFE2S0IFLMP26AbjsLVADxHdhB/c0GUsH+y39UfCi3dzz8OlQuPmnaJOMoDHQBA==",
      "dev": true,
      "requires": {
        "queue-microtask": "^1.2.2"
      }
    },
    "scheduler": {
      "version": "0.20.2",
      "resolved": "https://registry.npmjs.org/scheduler/-/scheduler-0.20.2.tgz",
      "integrity": "sha512-2eWfGgAqqWFGqtdMmcL5zCMK1U8KlXv8SQFGglL3CEtd0aDVDWgeF/YoCmvln55m5zSk3J/20hTaSBeSObsQDQ==",
      "peer": true,
      "requires": {
        "loose-envify": "^1.1.0",
        "object-assign": "^4.1.1"
      }
    },
    "to-regex-range": {
      "version": "5.0.1",
      "resolved": "https://registry.npmjs.org/to-regex-range/-/to-regex-range-5.0.1.tgz",
      "integrity": "sha512-65P7iz6X5yEr1cwcgvQxbbIw7Uk3gOy5dIdtZ4rDveLqhrdJP+Li/Hx6tyK0NEb+2GCyneCMJiGqrADCSNk8sQ==",
      "dev": true,
      "requires": {
        "is-number": "^7.0.0"
      }
    },
    "url-matcher": {
      "version": "0.2.2",
      "resolved": "https://registry.npmjs.org/url-matcher/-/url-matcher-0.2.2.tgz",
      "integrity": "sha1-cCZwFQVpBj1Lo5q9fsrQrU3D2pM=",
      "requires": {
        "invariant": "^2.0.0"
      }
    },
    "wouter": {
      "version": "2.8.0-alpha.2",
      "resolved": "https://registry.npmjs.org/wouter/-/wouter-2.8.0-alpha.2.tgz",
      "integrity": "sha512-aPsL5m5rW9RiceClOmGj6t5gn9Ut2TJVr98UDi1u9MIRNYiYVflg6vFIjdDYJ4IAyH0JdnkSgGwfo0LQS3k2zg==",
      "requires": {}
    }
  }
}
